{
  "name": "javascript",
  "lockfileVersion": 3,
  "requires": true,
  "packages": {
    "": {
      "dependencies": {
        "rookie-cookies": "file:../../bindings/node"
      }
    },
    "../../bindings/node": {
      "name": "rookie-cookies",
      "version": "0.5.9",
      "license": "MIT",
      "devDependencies": {
        "@napi-rs/cli": "^2.18.2",
        "ava": "^6.0.1",
        "typescript": "^5.6.3"
      },
      "engines": {
        "node": ">=22"
      },
      "optionalDependencies": {
        "rookie-cookies-darwin-arm64": "0.5.9",
        "rookie-cookies-darwin-x64": "0.5.9",
        "rookie-cookies-linux-x64-gnu": "0.5.9",
        "rookie-cookies-win32-x64-msvc": "0.5.9"
      }
    },
    "node_modules/rookie-cookies": {
      "resolved": "../../bindings/node",
      "link": true
    }
  }
}
